
Microsoft Visual Studio Solution File, Format Version 12.00
# Visual Studio Version 17
VisualStudioVersion = 17.4.33110.190
MinimumVisualStudioVersion = 10.0.40219.1
Project("{FAE04EC0-301F-11D3-BF4B-00C04F79EFBC}") = "01_Basic_Syntax", "01_Basic_Syntax\01_Basic_Syntax.csproj", "{CA2B7D31-148B-4091-84E8-5493ACA45535}"
EndProject
Global
	GlobalSection(SolutionConfigurationPlatforms) = preSolution
		Debug|Any CPU = Debug|Any CPU
		Release|Any CPU = Release|Any CPU
	EndGlobalSection
	GlobalSection(ProjectConfigurationPlatforms) = postSolution
		{CA2B7D31-148B-4091-84E8-5493ACA45535}.Debug|Any CPU.ActiveCfg = Debug|Any CPU
		{CA2B7D31-148B-4091-84E8-5493ACA45535}.Debug|Any CPU.Build.0 = Debug|Any CPU
		{CA2B7D31-148B-4091-84E8-5493ACA45535}.Release|Any CPU.ActiveCfg = Release|Any CPU
		{CA2B7D31-148B-4091-84E8-5493ACA45535}.Release|Any CPU.Build.0 = Release|Any CPU
	EndGlobalSection
	GlobalSection(SolutionProperties) = preSolution
		HideSolutionNode = FALSE
	EndGlobalSection
	GlobalSection(ExtensibilityGlobals) = postSolution
		SolutionGuid = {CFACFF1F-7F03-49A2-BA71-9DD93CF71279}
	EndGlobalSection
EndGlobal
