
Microsoft Visual Studio Solution File, Format Version 12.00
# Visual Studio Version 17
VisualStudioVersion = 17.3.32922.545
MinimumVisualStudioVersion = 10.0.40219.1
Project("{9A19103F-16F7-4668-BE54-9A1E7A4F7556}") = "BasicSyntax", "BasicSyntax\BasicSyntax.csproj", "{E0A9D7D2-896D-4657-9CD1-8B345F60CBD9}"
EndProject
Project("{9A19103F-16F7-4668-BE54-9A1E7A4F7556}") = "DataTypes", "DataTypes\DataTypes.csproj", "{60D454E1-5800-4EA0-A68B-2FEBA4A5FB24}"
EndProject
Project("{9A19103F-16F7-4668-BE54-9A1E7A4F7556}") = "Operators", "Operators\Operators.csproj", "{4B4B7072-1E85-49F0-94CF-D2D73EF21EF0}"
EndProject
Project("{9A19103F-16F7-4668-BE54-9A1E7A4F7556}") = "Flow Control", "Flow Control\Flow Control.csproj", "{D10BC3F5-D5F0-4C54-8359-3CBF289A0C79}"
EndProject
Project("{9A19103F-16F7-4668-BE54-9A1E7A4F7556}") = "Array", "Array\Array.csproj", "{7B7A9BFB-8FA1-42BA-BDE7-C3123C1DD69C}"
EndProject
Project("{9A19103F-16F7-4668-BE54-9A1E7A4F7556}") = "Classes", "Classes\Classes.csproj", "{CA4E812E-7161-42C6-91DE-480B252904F1}"
EndProject
Project("{9A19103F-16F7-4668-BE54-9A1E7A4F7556}") = "OOP", "OOP\OOP.csproj", "{4EBBB86F-3363-45BC-84A8-E28D96816E84}"
EndProject
Project("{FAE04EC0-301F-11D3-BF4B-00C04F79EFBC}") = "AbstractClasses", "AbstractClasses\AbstractClasses.csproj", "{4B6E31A3-F371-4D72-BE17-60F74D817E47}"
EndProject
Global
	GlobalSection(SolutionConfigurationPlatforms) = preSolution
		Debug|Any CPU = Debug|Any CPU
		Release|Any CPU = Release|Any CPU
	EndGlobalSection
	GlobalSection(ProjectConfigurationPlatforms) = postSolution
		{E0A9D7D2-896D-4657-9CD1-8B345F60CBD9}.Debug|Any CPU.ActiveCfg = Debug|Any CPU
		{E0A9D7D2-896D-4657-9CD1-8B345F60CBD9}.Debug|Any CPU.Build.0 = Debug|Any CPU
		{E0A9D7D2-896D-4657-9CD1-8B345F60CBD9}.Release|Any CPU.ActiveCfg = Release|Any CPU
		{E0A9D7D2-896D-4657-9CD1-8B345F60CBD9}.Release|Any CPU.Build.0 = Release|Any CPU
		{60D454E1-5800-4EA0-A68B-2FEBA4A5FB24}.Debug|Any CPU.ActiveCfg = Debug|Any CPU
		{60D454E1-5800-4EA0-A68B-2FEBA4A5FB24}.Debug|Any CPU.Build.0 = Debug|Any CPU
		{60D454E1-5800-4EA0-A68B-2FEBA4A5FB24}.Release|Any CPU.ActiveCfg = Release|Any CPU
		{60D454E1-5800-4EA0-A68B-2FEBA4A5FB24}.Release|Any CPU.Build.0 = Release|Any CPU
		{4B4B7072-1E85-49F0-94CF-D2D73EF21EF0}.Debug|Any CPU.ActiveCfg = Debug|Any CPU
		{4B4B7072-1E85-49F0-94CF-D2D73EF21EF0}.Debug|Any CPU.Build.0 = Debug|Any CPU
		{4B4B7072-1E85-49F0-94CF-D2D73EF21EF0}.Release|Any CPU.ActiveCfg = Release|Any CPU
		{4B4B7072-1E85-49F0-94CF-D2D73EF21EF0}.Release|Any CPU.Build.0 = Release|Any CPU
		{D10BC3F5-D5F0-4C54-8359-3CBF289A0C79}.Debug|Any CPU.ActiveCfg = Debug|Any CPU
		{D10BC3F5-D5F0-4C54-8359-3CBF289A0C79}.Debug|Any CPU.Build.0 = Debug|Any CPU
		{D10BC3F5-D5F0-4C54-8359-3CBF289A0C79}.Release|Any CPU.ActiveCfg = Release|Any CPU
		{D10BC3F5-D5F0-4C54-8359-3CBF289A0C79}.Release|Any CPU.Build.0 = Release|Any CPU
		{7B7A9BFB-8FA1-42BA-BDE7-C3123C1DD69C}.Debug|Any CPU.ActiveCfg = Debug|Any CPU
		{7B7A9BFB-8FA1-42BA-BDE7-C3123C1DD69C}.Debug|Any CPU.Build.0 = Debug|Any CPU
		{7B7A9BFB-8FA1-42BA-BDE7-C3123C1DD69C}.Release|Any CPU.ActiveCfg = Release|Any CPU
		{7B7A9BFB-8FA1-42BA-BDE7-C3123C1DD69C}.Release|Any CPU.Build.0 = Release|Any CPU
		{CA4E812E-7161-42C6-91DE-480B252904F1}.Debug|Any CPU.ActiveCfg = Debug|Any CPU
		{CA4E812E-7161-42C6-91DE-480B252904F1}.Debug|Any CPU.Build.0 = Debug|Any CPU
		{CA4E812E-7161-42C6-91DE-480B252904F1}.Release|Any CPU.ActiveCfg = Release|Any CPU
		{CA4E812E-7161-42C6-91DE-480B252904F1}.Release|Any CPU.Build.0 = Release|Any CPU
		{4EBBB86F-3363-45BC-84A8-E28D96816E84}.Debug|Any CPU.ActiveCfg = Debug|Any CPU
		{4EBBB86F-3363-45BC-84A8-E28D96816E84}.Debug|Any CPU.Build.0 = Debug|Any CPU
		{4EBBB86F-3363-45BC-84A8-E28D96816E84}.Release|Any CPU.ActiveCfg = Release|Any CPU
		{4EBBB86F-3363-45BC-84A8-E28D96816E84}.Release|Any CPU.Build.0 = Release|Any CPU
		{4B6E31A3-F371-4D72-BE17-60F74D817E47}.Debug|Any CPU.ActiveCfg = Debug|Any CPU
		{4B6E31A3-F371-4D72-BE17-60F74D817E47}.Debug|Any CPU.Build.0 = Debug|Any CPU
		{4B6E31A3-F371-4D72-BE17-60F74D817E47}.Release|Any CPU.ActiveCfg = Release|Any CPU
		{4B6E31A3-F371-4D72-BE17-60F74D817E47}.Release|Any CPU.Build.0 = Release|Any CPU
	EndGlobalSection
	GlobalSection(SolutionProperties) = preSolution
		HideSolutionNode = FALSE
	EndGlobalSection
	GlobalSection(ExtensibilityGlobals) = postSolution
		SolutionGuid = {1E0628D9-335A-4575-B9F9-A55E5B6D1A89}
	EndGlobalSection
EndGlobal
