
Microsoft Visual Studio Solution File, Format Version 12.00
# Visual Studio Version 17
VisualStudioVersion = 17.3.32922.545
MinimumVisualStudioVersion = 10.0.40219.1
Project("{9A19103F-16F7-4668-BE54-9A1E7A4F7556}") = "BasicSyntax", "BasicSyntax\BasicSyntax.csproj", "{E0A9D7D2-896D-4657-9CD1-8B345F60CBD9}"
EndProject
Project("{9A19103F-16F7-4668-BE54-9A1E7A4F7556}") = "DataTypes", "DataTypes\DataTypes.csproj", "{60D454E1-5800-4EA0-A68B-2FEBA4A5FB24}"
EndProject
Project("{9A19103F-16F7-4668-BE54-9A1E7A4F7556}") = "Operators", "Operators\Operators.csproj", "{4B4B7072-1E85-49F0-94CF-D2D73EF21EF0}"
EndProject
Project("{9A19103F-16F7-4668-BE54-9A1E7A4F7556}") = "Flow Control", "Flow Control\Flow Control.csproj", "{D10BC3F5-D5F0-4C54-8359-3CBF289A0C79}"
EndProject
Project("{9A19103F-16F7-4668-BE54-9A1E7A4F7556}") = "Array", "Array\Array.csproj", "{7B7A9BFB-8FA1-42BA-BDE7-C3123C1DD69C}"
EndProject
Project("{9A19103F-16F7-4668-BE54-9A1E7A4F7556}") = "Classes", "Classes\Classes.csproj", "{CA4E812E-7161-42C6-91DE-480B252904F1}"
EndProject
Project("{9A19103F-16F7-4668-BE54-9A1E7A4F7556}") = "OOP", "OOP\OOP.csproj", "{4EBBB86F-3363-45BC-84A8-E28D96816E84}"
EndProject
Project("{9A19103F-16F7-4668-BE54-9A1E7A4F7556}") = "AbstractClasses", "AbstractClasses\AbstractClasses.csproj", "{4B6E31A3-F371-4D72-BE17-60F74D817E47}"
EndProject
Project("{9A19103F-16F7-4668-BE54-9A1E7A4F7556}") = "Interfacing", "Interfacing\Interfacing.csproj", "{19E50D77-51F0-4A90-999B-F22C2D58208D}"
EndProject
Project("{9A19103F-16F7-4668-BE54-9A1E7A4F7556}") = "PartialClasses", "PartialClasses\PartialClasses.csproj", "{E320DA0C-B04A-4C10-8BE1-650740CC6F7C}"
EndProject
Project("{9A19103F-16F7-4668-BE54-9A1E7A4F7556}") = "Structure", "Structure\Structure.csproj", "{AEEF5526-8966-4F11-83BD-B2C07FF9AAE7}"
EndProject
Project("{9A19103F-16F7-4668-BE54-9A1E7A4F7556}") = "Enums", "Enums\Enums.csproj", "{670F020C-09D0-475B-A9CF-73CDB05CEFFB}"
EndProject
Project("{9A19103F-16F7-4668-BE54-9A1E7A4F7556}") = "OOP2", "OOP2\OOP2.csproj", "{12BA6DAD-F9CA-4C86-8577-C46111B0D516}"
EndProject
Project("{9A19103F-16F7-4668-BE54-9A1E7A4F7556}") = "OOPTest", "OOPTest\OOPTest.csproj", "{16FE185A-992B-401B-8128-3F17D9740A69}"
EndProject
Project("{9A19103F-16F7-4668-BE54-9A1E7A4F7556}") = "StaticClass", "StaticClass\StaticClass.csproj", "{881FF00B-7C49-4A94-AD10-69195E6D1F0E}"
EndProject
Project("{9A19103F-16F7-4668-BE54-9A1E7A4F7556}") = "InterfaceUse", "InterfaceUse\InterfaceUse.csproj", "{6D0D38FA-D923-48BF-8BC9-788D6BA03953}"
EndProject
Project("{9A19103F-16F7-4668-BE54-9A1E7A4F7556}") = "PartialClassExample", "PartialClassExample\PartialClassExample.csproj", "{AB36A85F-0606-4376-8F40-30CB65AAC35B}"
EndProject
Project("{9A19103F-16F7-4668-BE54-9A1E7A4F7556}") = "StructureExample", "StructureExample\StructureExample.csproj", "{3C732E59-92F5-468E-AD2D-B4CD13339587}"
EndProject
Project("{FAE04EC0-301F-11D3-BF4B-00C04F79EFBC}") = "EnumExamples", "EnumExamples\EnumExamples.csproj", "{17DB102B-0BA9-4877-9FFF-4E5F4A4BFEE1}"
EndProject
Global
	GlobalSection(SolutionConfigurationPlatforms) = preSolution
		Debug|Any CPU = Debug|Any CPU
		Release|Any CPU = Release|Any CPU
	EndGlobalSection
	GlobalSection(ProjectConfigurationPlatforms) = postSolution
		{E0A9D7D2-896D-4657-9CD1-8B345F60CBD9}.Debug|Any CPU.ActiveCfg = Debug|Any CPU
		{E0A9D7D2-896D-4657-9CD1-8B345F60CBD9}.Debug|Any CPU.Build.0 = Debug|Any CPU
		{E0A9D7D2-896D-4657-9CD1-8B345F60CBD9}.Release|Any CPU.ActiveCfg = Release|Any CPU
		{E0A9D7D2-896D-4657-9CD1-8B345F60CBD9}.Release|Any CPU.Build.0 = Release|Any CPU
		{60D454E1-5800-4EA0-A68B-2FEBA4A5FB24}.Debug|Any CPU.ActiveCfg = Debug|Any CPU
		{60D454E1-5800-4EA0-A68B-2FEBA4A5FB24}.Debug|Any CPU.Build.0 = Debug|Any CPU
		{60D454E1-5800-4EA0-A68B-2FEBA4A5FB24}.Release|Any CPU.ActiveCfg = Release|Any CPU
		{60D454E1-5800-4EA0-A68B-2FEBA4A5FB24}.Release|Any CPU.Build.0 = Release|Any CPU
		{4B4B7072-1E85-49F0-94CF-D2D73EF21EF0}.Debug|Any CPU.ActiveCfg = Debug|Any CPU
		{4B4B7072-1E85-49F0-94CF-D2D73EF21EF0}.Debug|Any CPU.Build.0 = Debug|Any CPU
		{4B4B7072-1E85-49F0-94CF-D2D73EF21EF0}.Release|Any CPU.ActiveCfg = Release|Any CPU
		{4B4B7072-1E85-49F0-94CF-D2D73EF21EF0}.Release|Any CPU.Build.0 = Release|Any CPU
		{D10BC3F5-D5F0-4C54-8359-3CBF289A0C79}.Debug|Any CPU.ActiveCfg = Debug|Any CPU
		{D10BC3F5-D5F0-4C54-8359-3CBF289A0C79}.Debug|Any CPU.Build.0 = Debug|Any CPU
		{D10BC3F5-D5F0-4C54-8359-3CBF289A0C79}.Release|Any CPU.ActiveCfg = Release|Any CPU
		{D10BC3F5-D5F0-4C54-8359-3CBF289A0C79}.Release|Any CPU.Build.0 = Release|Any CPU
		{7B7A9BFB-8FA1-42BA-BDE7-C3123C1DD69C}.Debug|Any CPU.ActiveCfg = Debug|Any CPU
		{7B7A9BFB-8FA1-42BA-BDE7-C3123C1DD69C}.Debug|Any CPU.Build.0 = Debug|Any CPU
		{7B7A9BFB-8FA1-42BA-BDE7-C3123C1DD69C}.Release|Any CPU.ActiveCfg = Release|Any CPU
		{7B7A9BFB-8FA1-42BA-BDE7-C3123C1DD69C}.Release|Any CPU.Build.0 = Release|Any CPU
		{CA4E812E-7161-42C6-91DE-480B252904F1}.Debug|Any CPU.ActiveCfg = Debug|Any CPU
		{CA4E812E-7161-42C6-91DE-480B252904F1}.Debug|Any CPU.Build.0 = Debug|Any CPU
		{CA4E812E-7161-42C6-91DE-480B252904F1}.Release|Any CPU.ActiveCfg = Release|Any CPU
		{CA4E812E-7161-42C6-91DE-480B252904F1}.Release|Any CPU.Build.0 = Release|Any CPU
		{4EBBB86F-3363-45BC-84A8-E28D96816E84}.Debug|Any CPU.ActiveCfg = Debug|Any CPU
		{4EBBB86F-3363-45BC-84A8-E28D96816E84}.Debug|Any CPU.Build.0 = Debug|Any CPU
		{4EBBB86F-3363-45BC-84A8-E28D96816E84}.Release|Any CPU.ActiveCfg = Release|Any CPU
		{4EBBB86F-3363-45BC-84A8-E28D96816E84}.Release|Any CPU.Build.0 = Release|Any CPU
		{4B6E31A3-F371-4D72-BE17-60F74D817E47}.Debug|Any CPU.ActiveCfg = Debug|Any CPU
		{4B6E31A3-F371-4D72-BE17-60F74D817E47}.Debug|Any CPU.Build.0 = Debug|Any CPU
		{4B6E31A3-F371-4D72-BE17-60F74D817E47}.Release|Any CPU.ActiveCfg = Release|Any CPU
		{4B6E31A3-F371-4D72-BE17-60F74D817E47}.Release|Any CPU.Build.0 = Release|Any CPU
		{19E50D77-51F0-4A90-999B-F22C2D58208D}.Debug|Any CPU.ActiveCfg = Debug|Any CPU
		{19E50D77-51F0-4A90-999B-F22C2D58208D}.Debug|Any CPU.Build.0 = Debug|Any CPU
		{19E50D77-51F0-4A90-999B-F22C2D58208D}.Release|Any CPU.ActiveCfg = Release|Any CPU
		{19E50D77-51F0-4A90-999B-F22C2D58208D}.Release|Any CPU.Build.0 = Release|Any CPU
		{E320DA0C-B04A-4C10-8BE1-650740CC6F7C}.Debug|Any CPU.ActiveCfg = Debug|Any CPU
		{E320DA0C-B04A-4C10-8BE1-650740CC6F7C}.Debug|Any CPU.Build.0 = Debug|Any CPU
		{E320DA0C-B04A-4C10-8BE1-650740CC6F7C}.Release|Any CPU.ActiveCfg = Release|Any CPU
		{E320DA0C-B04A-4C10-8BE1-650740CC6F7C}.Release|Any CPU.Build.0 = Release|Any CPU
		{AEEF5526-8966-4F11-83BD-B2C07FF9AAE7}.Debug|Any CPU.ActiveCfg = Debug|Any CPU
		{AEEF5526-8966-4F11-83BD-B2C07FF9AAE7}.Debug|Any CPU.Build.0 = Debug|Any CPU
		{AEEF5526-8966-4F11-83BD-B2C07FF9AAE7}.Release|Any CPU.ActiveCfg = Release|Any CPU
		{AEEF5526-8966-4F11-83BD-B2C07FF9AAE7}.Release|Any CPU.Build.0 = Release|Any CPU
		{670F020C-09D0-475B-A9CF-73CDB05CEFFB}.Debug|Any CPU.ActiveCfg = Debug|Any CPU
		{670F020C-09D0-475B-A9CF-73CDB05CEFFB}.Debug|Any CPU.Build.0 = Debug|Any CPU
		{670F020C-09D0-475B-A9CF-73CDB05CEFFB}.Release|Any CPU.ActiveCfg = Release|Any CPU
		{670F020C-09D0-475B-A9CF-73CDB05CEFFB}.Release|Any CPU.Build.0 = Release|Any CPU
		{12BA6DAD-F9CA-4C86-8577-C46111B0D516}.Debug|Any CPU.ActiveCfg = Debug|Any CPU
		{12BA6DAD-F9CA-4C86-8577-C46111B0D516}.Debug|Any CPU.Build.0 = Debug|Any CPU
		{12BA6DAD-F9CA-4C86-8577-C46111B0D516}.Release|Any CPU.ActiveCfg = Release|Any CPU
		{12BA6DAD-F9CA-4C86-8577-C46111B0D516}.Release|Any CPU.Build.0 = Release|Any CPU
		{16FE185A-992B-401B-8128-3F17D9740A69}.Debug|Any CPU.ActiveCfg = Debug|Any CPU
		{16FE185A-992B-401B-8128-3F17D9740A69}.Debug|Any CPU.Build.0 = Debug|Any CPU
		{16FE185A-992B-401B-8128-3F17D9740A69}.Release|Any CPU.ActiveCfg = Release|Any CPU
		{16FE185A-992B-401B-8128-3F17D9740A69}.Release|Any CPU.Build.0 = Release|Any CPU
		{881FF00B-7C49-4A94-AD10-69195E6D1F0E}.Debug|Any CPU.ActiveCfg = Debug|Any CPU
		{881FF00B-7C49-4A94-AD10-69195E6D1F0E}.Debug|Any CPU.Build.0 = Debug|Any CPU
		{881FF00B-7C49-4A94-AD10-69195E6D1F0E}.Release|Any CPU.ActiveCfg = Release|Any CPU
		{881FF00B-7C49-4A94-AD10-69195E6D1F0E}.Release|Any CPU.Build.0 = Release|Any CPU
		{6D0D38FA-D923-48BF-8BC9-788D6BA03953}.Debug|Any CPU.ActiveCfg = Debug|Any CPU
		{6D0D38FA-D923-48BF-8BC9-788D6BA03953}.Debug|Any CPU.Build.0 = Debug|Any CPU
		{6D0D38FA-D923-48BF-8BC9-788D6BA03953}.Release|Any CPU.ActiveCfg = Release|Any CPU
		{6D0D38FA-D923-48BF-8BC9-788D6BA03953}.Release|Any CPU.Build.0 = Release|Any CPU
		{AB36A85F-0606-4376-8F40-30CB65AAC35B}.Debug|Any CPU.ActiveCfg = Debug|Any CPU
		{AB36A85F-0606-4376-8F40-30CB65AAC35B}.Debug|Any CPU.Build.0 = Debug|Any CPU
		{AB36A85F-0606-4376-8F40-30CB65AAC35B}.Release|Any CPU.ActiveCfg = Release|Any CPU
		{AB36A85F-0606-4376-8F40-30CB65AAC35B}.Release|Any CPU.Build.0 = Release|Any CPU
		{3C732E59-92F5-468E-AD2D-B4CD13339587}.Debug|Any CPU.ActiveCfg = Debug|Any CPU
		{3C732E59-92F5-468E-AD2D-B4CD13339587}.Debug|Any CPU.Build.0 = Debug|Any CPU
		{3C732E59-92F5-468E-AD2D-B4CD13339587}.Release|Any CPU.ActiveCfg = Release|Any CPU
		{3C732E59-92F5-468E-AD2D-B4CD13339587}.Release|Any CPU.Build.0 = Release|Any CPU
		{17DB102B-0BA9-4877-9FFF-4E5F4A4BFEE1}.Debug|Any CPU.ActiveCfg = Debug|Any CPU
		{17DB102B-0BA9-4877-9FFF-4E5F4A4BFEE1}.Debug|Any CPU.Build.0 = Debug|Any CPU
		{17DB102B-0BA9-4877-9FFF-4E5F4A4BFEE1}.Release|Any CPU.ActiveCfg = Release|Any CPU
		{17DB102B-0BA9-4877-9FFF-4E5F4A4BFEE1}.Release|Any CPU.Build.0 = Release|Any CPU
	EndGlobalSection
	GlobalSection(SolutionProperties) = preSolution
		HideSolutionNode = FALSE
	EndGlobalSection
	GlobalSection(ExtensibilityGlobals) = postSolution
		SolutionGuid = {1E0628D9-335A-4575-B9F9-A55E5B6D1A89}
	EndGlobalSection
EndGlobal
